
Microsoft Visual Studio Solution File, Format Version 12.00
# Visual Studio Version 16
VisualStudioVersion = 16.6.30114.105
MinimumVisualStudioVersion = 10.0.40219.1
Project("{9A19103F-16F7-4668-BE54-9A1E7A4F7556}") = "SeleniumGrid", "SeleniumGrid\SeleniumGrid.csproj", "{AFFC7843-F42F-416C-8492-CC509C9E6ED3}"
EndProject
Project("{9A19103F-16F7-4668-BE54-9A1E7A4F7556}") = "Waits", "Waits\Waits.csproj", "{93235F49-1749-40D5-9523-4E53146CBD23}"
EndProject
Project("{9A19103F-16F7-4668-BE54-9A1E7A4F7556}") = "PageObjectExample", "PageObjectExample\PageObjectExample.csproj", "{9DFFEB03-17D3-4C6E-ABE3-E99C9998F96E}"
EndProject
Project("{9A19103F-16F7-4668-BE54-9A1E7A4F7556}") = "Appium", "Appium\Appium.csproj", "{80FF2F55-1472-44F7-92FB-5EDE39F86871}"
EndProject
Project("{FAE04EC0-301F-11D3-BF4B-00C04F79EFBC}") = "SauceDemoTests", "SauceDemoTests\SauceDemoTests.csproj", "{D09DD54B-BD5F-42B0-82EB-F7959A592F3C}"
EndProject
Global
	GlobalSection(SolutionConfigurationPlatforms) = preSolution
		Debug|Any CPU = Debug|Any CPU
		Debug|x64 = Debug|x64
		Debug|x86 = Debug|x86
		Release|Any CPU = Release|Any CPU
		Release|x64 = Release|x64
		Release|x86 = Release|x86
	EndGlobalSection
	GlobalSection(ProjectConfigurationPlatforms) = postSolution
		{AFFC7843-F42F-416C-8492-CC509C9E6ED3}.Debug|Any CPU.ActiveCfg = Debug|Any CPU
		{AFFC7843-F42F-416C-8492-CC509C9E6ED3}.Debug|Any CPU.Build.0 = Debug|Any CPU
		{AFFC7843-F42F-416C-8492-CC509C9E6ED3}.Debug|x64.ActiveCfg = Debug|Any CPU
		{AFFC7843-F42F-416C-8492-CC509C9E6ED3}.Debug|x64.Build.0 = Debug|Any CPU
		{AFFC7843-F42F-416C-8492-CC509C9E6ED3}.Debug|x86.ActiveCfg = Debug|Any CPU
		{AFFC7843-F42F-416C-8492-CC509C9E6ED3}.Debug|x86.Build.0 = Debug|Any CPU
		{AFFC7843-F42F-416C-8492-CC509C9E6ED3}.Release|Any CPU.ActiveCfg = Release|Any CPU
		{AFFC7843-F42F-416C-8492-CC509C9E6ED3}.Release|Any CPU.Build.0 = Release|Any CPU
		{AFFC7843-F42F-416C-8492-CC509C9E6ED3}.Release|x64.ActiveCfg = Release|Any CPU
		{AFFC7843-F42F-416C-8492-CC509C9E6ED3}.Release|x64.Build.0 = Release|Any CPU
		{AFFC7843-F42F-416C-8492-CC509C9E6ED3}.Release|x86.ActiveCfg = Release|Any CPU
		{AFFC7843-F42F-416C-8492-CC509C9E6ED3}.Release|x86.Build.0 = Release|Any CPU
		{93235F49-1749-40D5-9523-4E53146CBD23}.Debug|Any CPU.ActiveCfg = Debug|Any CPU
		{93235F49-1749-40D5-9523-4E53146CBD23}.Debug|Any CPU.Build.0 = Debug|Any CPU
		{93235F49-1749-40D5-9523-4E53146CBD23}.Debug|x64.ActiveCfg = Debug|Any CPU
		{93235F49-1749-40D5-9523-4E53146CBD23}.Debug|x64.Build.0 = Debug|Any CPU
		{93235F49-1749-40D5-9523-4E53146CBD23}.Debug|x86.ActiveCfg = Debug|Any CPU
		{93235F49-1749-40D5-9523-4E53146CBD23}.Debug|x86.Build.0 = Debug|Any CPU
		{93235F49-1749-40D5-9523-4E53146CBD23}.Release|Any CPU.ActiveCfg = Release|Any CPU
		{93235F49-1749-40D5-9523-4E53146CBD23}.Release|Any CPU.Build.0 = Release|Any CPU
		{93235F49-1749-40D5-9523-4E53146CBD23}.Release|x64.ActiveCfg = Release|Any CPU
		{93235F49-1749-40D5-9523-4E53146CBD23}.Release|x64.Build.0 = Release|Any CPU
		{93235F49-1749-40D5-9523-4E53146CBD23}.Release|x86.ActiveCfg = Release|Any CPU
		{93235F49-1749-40D5-9523-4E53146CBD23}.Release|x86.Build.0 = Release|Any CPU
		{9DFFEB03-17D3-4C6E-ABE3-E99C9998F96E}.Debug|Any CPU.ActiveCfg = Debug|Any CPU
		{9DFFEB03-17D3-4C6E-ABE3-E99C9998F96E}.Debug|Any CPU.Build.0 = Debug|Any CPU
		{9DFFEB03-17D3-4C6E-ABE3-E99C9998F96E}.Debug|x64.ActiveCfg = Debug|Any CPU
		{9DFFEB03-17D3-4C6E-ABE3-E99C9998F96E}.Debug|x64.Build.0 = Debug|Any CPU
		{9DFFEB03-17D3-4C6E-ABE3-E99C9998F96E}.Debug|x86.ActiveCfg = Debug|Any CPU
		{9DFFEB03-17D3-4C6E-ABE3-E99C9998F96E}.Debug|x86.Build.0 = Debug|Any CPU
		{9DFFEB03-17D3-4C6E-ABE3-E99C9998F96E}.Release|Any CPU.ActiveCfg = Release|Any CPU
		{9DFFEB03-17D3-4C6E-ABE3-E99C9998F96E}.Release|Any CPU.Build.0 = Release|Any CPU
		{9DFFEB03-17D3-4C6E-ABE3-E99C9998F96E}.Release|x64.ActiveCfg = Release|Any CPU
		{9DFFEB03-17D3-4C6E-ABE3-E99C9998F96E}.Release|x64.Build.0 = Release|Any CPU
		{9DFFEB03-17D3-4C6E-ABE3-E99C9998F96E}.Release|x86.ActiveCfg = Release|Any CPU
		{9DFFEB03-17D3-4C6E-ABE3-E99C9998F96E}.Release|x86.Build.0 = Release|Any CPU
		{80FF2F55-1472-44F7-92FB-5EDE39F86871}.Debug|Any CPU.ActiveCfg = Debug|Any CPU
		{80FF2F55-1472-44F7-92FB-5EDE39F86871}.Debug|Any CPU.Build.0 = Debug|Any CPU
		{80FF2F55-1472-44F7-92FB-5EDE39F86871}.Debug|x64.ActiveCfg = Debug|Any CPU
		{80FF2F55-1472-44F7-92FB-5EDE39F86871}.Debug|x64.Build.0 = Debug|Any CPU
		{80FF2F55-1472-44F7-92FB-5EDE39F86871}.Debug|x86.ActiveCfg = Debug|Any CPU
		{80FF2F55-1472-44F7-92FB-5EDE39F86871}.Debug|x86.Build.0 = Debug|Any CPU
		{80FF2F55-1472-44F7-92FB-5EDE39F86871}.Release|Any CPU.ActiveCfg = Release|Any CPU
		{80FF2F55-1472-44F7-92FB-5EDE39F86871}.Release|Any CPU.Build.0 = Release|Any CPU
		{80FF2F55-1472-44F7-92FB-5EDE39F86871}.Release|x64.ActiveCfg = Release|Any CPU
		{80FF2F55-1472-44F7-92FB-5EDE39F86871}.Release|x64.Build.0 = Release|Any CPU
		{80FF2F55-1472-44F7-92FB-5EDE39F86871}.Release|x86.ActiveCfg = Release|Any CPU
		{80FF2F55-1472-44F7-92FB-5EDE39F86871}.Release|x86.Build.0 = Release|Any CPU
		{D09DD54B-BD5F-42B0-82EB-F7959A592F3C}.Debug|Any CPU.ActiveCfg = Debug|Any CPU
		{D09DD54B-BD5F-42B0-82EB-F7959A592F3C}.Debug|Any CPU.Build.0 = Debug|Any CPU
		{D09DD54B-BD5F-42B0-82EB-F7959A592F3C}.Debug|x64.ActiveCfg = Debug|Any CPU
		{D09DD54B-BD5F-42B0-82EB-F7959A592F3C}.Debug|x64.Build.0 = Debug|Any CPU
		{D09DD54B-BD5F-42B0-82EB-F7959A592F3C}.Debug|x86.ActiveCfg = Debug|Any CPU
		{D09DD54B-BD5F-42B0-82EB-F7959A592F3C}.Debug|x86.Build.0 = Debug|Any CPU
		{D09DD54B-BD5F-42B0-82EB-F7959A592F3C}.Release|Any CPU.ActiveCfg = Release|Any CPU
		{D09DD54B-BD5F-42B0-82EB-F7959A592F3C}.Release|Any CPU.Build.0 = Release|Any CPU
		{D09DD54B-BD5F-42B0-82EB-F7959A592F3C}.Release|x64.ActiveCfg = Release|Any CPU
		{D09DD54B-BD5F-42B0-82EB-F7959A592F3C}.Release|x64.Build.0 = Release|Any CPU
		{D09DD54B-BD5F-42B0-82EB-F7959A592F3C}.Release|x86.ActiveCfg = Release|Any CPU
		{D09DD54B-BD5F-42B0-82EB-F7959A592F3C}.Release|x86.Build.0 = Release|Any CPU
	EndGlobalSection
	GlobalSection(SolutionProperties) = preSolution
		HideSolutionNode = FALSE
	EndGlobalSection
	GlobalSection(ExtensibilityGlobals) = postSolution
		SolutionGuid = {14F8B893-C2E1-447B-972D-5D2022214CAF}
	EndGlobalSection
EndGlobal
